core:changelogs:
  - content: "---\npackages:\n  lenso-module-auth:\n    type: patch\n  lenso-module-auth-device:\n    type: patch\n  lenso-module-auth-github:\n    type: patch\n  lenso-module-auth-google:\n    type: patch\n  lenso-module-auth-oauth:\n    type: patch\n  lenso-module-auth-oidc:\n    type: patch\n---\n\n### Changed\n\nBind every Auth Console UI surface to a semantic entry in its owning Module\nRelease, use canonical Module IDs in the Console Bridge, and retire independent\nnpm identities for Auth UI artifacts.\n"
    filename: isolated-console-ui.md
    v: 0.0.0
core:packages:
  - id: npm:@lenso/auth-console-ui-client
    updated: false
  - changelogIds:
      - isolated-console-ui.md
    id: cargo:lenso-module-auth
    updated: true
  - id: cargo:lenso-module-auth-anonymous
    updated: true
  - changelogIds:
      - isolated-console-ui.md
    id: cargo:lenso-module-auth-device
    updated: true
  - changelogIds:
      - isolated-console-ui.md
    id: cargo:lenso-module-auth-github
    updated: true
  - changelogIds:
      - isolated-console-ui.md
    id: cargo:lenso-module-auth-oauth
    updated: true
  - changelogIds:
      - isolated-console-ui.md
    id: cargo:lenso-module-auth-oidc
    updated: true
  - id: cargo:lenso-module-auth-password
    updated: true
  - id: cargo:lenso-module-auth-phone
    updated: true
  - changelogIds:
      - isolated-console-ui.md
    id: cargo:lenso-module-auth-google
    updated: true
npm:packages:
  - id: npm:@lenso/auth-console-ui-client
